
Microsoft Visual Studio Solution File, Format Version 12.00
# Visual Studio 15
Project("{FAE04EC0-301F-11D3-BF4B-00C04F79EFBC}") = "Assembly-CSharp", "Assembly-CSharp.csproj", "{01BBAB58-9885-7699-BD4F-22D67EDDF4D4}"
EndProject
Project("{FAE04EC0-301F-11D3-BF4B-00C04F79EFBC}") = "Assembly-CSharp-Editor", "Assembly-CSharp-Editor.csproj", "{B89A8981-F8CD-15FE-EF35-233E960FA2D0}"
EndProject
Global
	GlobalSection(SolutionConfigurationPlatforms) = preSolution
		Debug|Any CPU = Debug|Any CPU
		Release|Any CPU = Release|Any CPU
	EndGlobalSection
	GlobalSection(ProjectConfigurationPlatforms) = postSolution
		{01BBAB58-9885-7699-BD4F-22D67EDDF4D4}.Debug|Any CPU.ActiveCfg = Debug|Any CPU
		{01BBAB58-9885-7699-BD4F-22D67EDDF4D4}.Debug|Any CPU.Build.0 = Debug|Any CPU
		{01BBAB58-9885-7699-BD4F-22D67EDDF4D4}.Release|Any CPU.ActiveCfg = Release|Any CPU
		{01BBAB58-9885-7699-BD4F-22D67EDDF4D4}.Release|Any CPU.Build.0 = Release|Any CPU
		{B89A8981-F8CD-15FE-EF35-233E960FA2D0}.Debug|Any CPU.ActiveCfg = Debug|Any CPU
		{B89A8981-F8CD-15FE-EF35-233E960FA2D0}.Debug|Any CPU.Build.0 = Debug|Any CPU
		{B89A8981-F8CD-15FE-EF35-233E960FA2D0}.Release|Any CPU.ActiveCfg = Release|Any CPU
		{B89A8981-F8CD-15FE-EF35-233E960FA2D0}.Release|Any CPU.Build.0 = Release|Any CPU
	EndGlobalSection
	GlobalSection(SolutionProperties) = preSolution
		HideSolutionNode = FALSE
	EndGlobalSection
EndGlobal
